{
  "requires": true,
  "lockfileVersion": 1,
  "dependencies": {
    "ajax-utils": {
      "version": "0.0.8",
      "resolved": "https://registry.npmjs.org/ajax-utils/-/ajax-utils-0.0.8.tgz",
      "integrity": "sha1-d7SffREyxiamv+TFAZ5zzt6Q4Qc=",
      "requires": {
        "lodash": "^4.6.1",
        "q": "^1.4.1"
      }
    },
    "lodash": {
      "version": "4.17.20",
      "resolved": "https://registry.npmjs.org/lodash/-/lodash-4.17.20.tgz",
      "integrity": "sha512-PlhdFcillOINfeV7Ni6oF1TAEayyZBoZ8bcshTHqOYJYlrqzRK5hagpagky5o4HfCzzd1TRkXPMFq6cKk9rGmA=="
    },
    "q": {
      "version": "1.5.1",
      "resolved": "https://registry.npmjs.org/q/-/q-1.5.1.tgz",
      "integrity": "sha1-fjL3W0E4EpHQRhHxvxQQmsAGUdc="
    }
  }
}
